
Microsoft Visual Studio Solution File, Format Version 12.00
# Visual Studio Version 17
VisualStudioVersion = 17.0.31903.59
MinimumVisualStudioVersion = 10.0.40219.1
Project("{2150E333-8FDC-42A3-9474-1A3956D46DE8}") = "Core", "Core", "{B45ED08F-6C93-40D4-BC5F-499E0BFEC358}"
EndProject
Project("{9A19103F-16F7-4668-BE54-9A1E7A4F7556}") = "Core", "src\Core\Core\Core.csproj", "{F2E19670-2BBF-444F-BF7E-9369B634597A}"
EndProject
Project("{9A19103F-16F7-4668-BE54-9A1E7A4F7556}") = "Core.Infrastructure", "src\Core\Core.Infrastructure\Core.Infrastructure.csproj", "{B9D107B3-8CCD-4AA4-BED8-B6F0EA8A33C6}"
EndProject
Project("{9A19103F-16F7-4668-BE54-9A1E7A4F7556}") = "Core.Test", "src\Core\Core.Test\Core.Test.csproj", "{AB1FE405-0971-4009-BA3C-B5A625C6B253}"
EndProject
Project("{2150E333-8FDC-42A3-9474-1A3956D46DE8}") = "Services", "Services", "{585CEAC5-E6D8-49BC-B574-FA0B10D0BF9A}"
EndProject
Project("{FAE04EC0-301F-11D3-BF4B-00C04F79EFBC}") = "Identity", "src\CentralizedServices\Identity\Identity.csproj", "{BD8E9B6F-CAE5-4AA1-BB01-1AB3AB3310D7}"
EndProject
Project("{FAE04EC0-301F-11D3-BF4B-00C04F79EFBC}") = "ApiGateway.Ocelot", "src\CentralizedServices\ApiGateway.Ocelot\ApiGateway.Ocelot.csproj", "{688C2730-6EBA-4717-91A5-89B22DC5B5B7}"
EndProject
Project("{2150E333-8FDC-42A3-9474-1A3956D46DE8}") = "CentralizedServices", "CentralizedServices", "{FB997C59-1E49-4C90-A57D-322D189745C1}"
EndProject
Project("{2150E333-8FDC-42A3-9474-1A3956D46DE8}") = "SolutionItems", "SolutionItems", "{A21BB86B-1E49-440A-AE1E-72C8FDFEB491}"
	ProjectSection(SolutionItems) = preProject
		docker-compose.yml = docker-compose.yml
	EndProjectSection
EndProject
Project("{FAE04EC0-301F-11D3-BF4B-00C04F79EFBC}") = "AppHost", "AppHost\AppHost.csproj", "{39D18B92-F117-4FDC-9490-72E65C6A2F59}"
EndProject
Project("{FAE04EC0-301F-11D3-BF4B-00C04F79EFBC}") = "Ordering", "src\Services\Ordering\Ordering.csproj", "{33DEF032-5B94-4F17-AA39-213C89DC51EB}"
EndProject
Project("{FAE04EC0-301F-11D3-BF4B-00C04F79EFBC}") = "CustomerManagement", "src\Services\CustomerManagement\CustomerManagement.csproj", "{A33F9775-6C4E-48AD-822D-679684BB19FD}"
EndProject
Project("{FAE04EC0-301F-11D3-BF4B-00C04F79EFBC}") = "PaymentProcessing", "src\Services\PaymentProcessing\PaymentProcessing.csproj", "{B868DBCD-E493-4322-824A-901ED3DAA114}"
EndProject
Project("{FAE04EC0-301F-11D3-BF4B-00C04F79EFBC}") = "ProductCatalog", "src\Services\ProductCatalog\ProductCatalog.csproj", "{221E66E5-4B4E-4AE9-811C-4F7F12E3F898}"
EndProject
Global
	GlobalSection(SolutionConfigurationPlatforms) = preSolution
		config|Any CPU = config|Any CPU
	EndGlobalSection
	GlobalSection(ProjectConfigurationPlatforms) = postSolution
		{F2E19670-2BBF-444F-BF7E-9369B634597A}.config|Any CPU.ActiveCfg = Debug|Any CPU
		{F2E19670-2BBF-444F-BF7E-9369B634597A}.config|Any CPU.Build.0 = Debug|Any CPU
		{B9D107B3-8CCD-4AA4-BED8-B6F0EA8A33C6}.config|Any CPU.ActiveCfg = Debug|Any CPU
		{B9D107B3-8CCD-4AA4-BED8-B6F0EA8A33C6}.config|Any CPU.Build.0 = Debug|Any CPU
		{AB1FE405-0971-4009-BA3C-B5A625C6B253}.config|Any CPU.ActiveCfg = Debug|Any CPU
		{AB1FE405-0971-4009-BA3C-B5A625C6B253}.config|Any CPU.Build.0 = Debug|Any CPU
		{BD8E9B6F-CAE5-4AA1-BB01-1AB3AB3310D7}.config|Any CPU.ActiveCfg = Debug|Any CPU
		{BD8E9B6F-CAE5-4AA1-BB01-1AB3AB3310D7}.config|Any CPU.Build.0 = Debug|Any CPU
		{688C2730-6EBA-4717-91A5-89B22DC5B5B7}.config|Any CPU.ActiveCfg = Debug|Any CPU
		{688C2730-6EBA-4717-91A5-89B22DC5B5B7}.config|Any CPU.Build.0 = Debug|Any CPU
		{39D18B92-F117-4FDC-9490-72E65C6A2F59}.config|Any CPU.ActiveCfg = Debug|Any CPU
		{39D18B92-F117-4FDC-9490-72E65C6A2F59}.config|Any CPU.Build.0 = Debug|Any CPU
		{33DEF032-5B94-4F17-AA39-213C89DC51EB}.config|Any CPU.ActiveCfg = Debug|Any CPU
		{33DEF032-5B94-4F17-AA39-213C89DC51EB}.config|Any CPU.Build.0 = Debug|Any CPU
		{A33F9775-6C4E-48AD-822D-679684BB19FD}.config|Any CPU.ActiveCfg = Debug|Any CPU
		{A33F9775-6C4E-48AD-822D-679684BB19FD}.config|Any CPU.Build.0 = Debug|Any CPU
		{B868DBCD-E493-4322-824A-901ED3DAA114}.config|Any CPU.ActiveCfg = Debug|Any CPU
		{B868DBCD-E493-4322-824A-901ED3DAA114}.config|Any CPU.Build.0 = Debug|Any CPU
		{221E66E5-4B4E-4AE9-811C-4F7F12E3F898}.config|Any CPU.ActiveCfg = Debug|Any CPU
		{221E66E5-4B4E-4AE9-811C-4F7F12E3F898}.config|Any CPU.Build.0 = Debug|Any CPU
	EndGlobalSection
	GlobalSection(SolutionProperties) = preSolution
		HideSolutionNode = FALSE
	EndGlobalSection
	GlobalSection(NestedProjects) = preSolution
		{F2E19670-2BBF-444F-BF7E-9369B634597A} = {B45ED08F-6C93-40D4-BC5F-499E0BFEC358}
		{B9D107B3-8CCD-4AA4-BED8-B6F0EA8A33C6} = {B45ED08F-6C93-40D4-BC5F-499E0BFEC358}
		{AB1FE405-0971-4009-BA3C-B5A625C6B253} = {B45ED08F-6C93-40D4-BC5F-499E0BFEC358}
		{688C2730-6EBA-4717-91A5-89B22DC5B5B7} = {FB997C59-1E49-4C90-A57D-322D189745C1}
		{BD8E9B6F-CAE5-4AA1-BB01-1AB3AB3310D7} = {FB997C59-1E49-4C90-A57D-322D189745C1}
		{33DEF032-5B94-4F17-AA39-213C89DC51EB} = {585CEAC5-E6D8-49BC-B574-FA0B10D0BF9A}
		{A33F9775-6C4E-48AD-822D-679684BB19FD} = {585CEAC5-E6D8-49BC-B574-FA0B10D0BF9A}
		{B868DBCD-E493-4322-824A-901ED3DAA114} = {585CEAC5-E6D8-49BC-B574-FA0B10D0BF9A}
		{221E66E5-4B4E-4AE9-811C-4F7F12E3F898} = {585CEAC5-E6D8-49BC-B574-FA0B10D0BF9A}
	EndGlobalSection
EndGlobal
