
Microsoft Visual Studio Solution File, Format Version 12.00
# Visual Studio Version 17
VisualStudioVersion = 17.0.31903.59
MinimumVisualStudioVersion = 10.0.40219.1
Project("{2150E333-8FDC-42A3-9474-1A3956D46DE8}") = "OrderService", "OrderService", "{705498C6-26DD-4D9A-A493-C29EEA6FD520}"
EndProject
Project("{2150E333-8FDC-42A3-9474-1A3956D46DE8}") = "PaymentService", "PaymentService", "{856A773F-CDF0-44B3-B9EE-02AA441B7709}"
EndProject
Project("{2150E333-8FDC-42A3-9474-1A3956D46DE8}") = "CustomerService", "CustomerService", "{CFEF1831-89D7-4844-BE0F-0EA8BF4B9357}"
EndProject
Project("{9A19103F-16F7-4668-BE54-9A1E7A4F7556}") = "CustomerService.API", "src\Services\CustomerService\CustomerService.API\CustomerService.API.csproj", "{CA019B53-3DE4-498F-A549-D94FC9B9DDBB}"
EndProject
Project("{9A19103F-16F7-4668-BE54-9A1E7A4F7556}") = "CustomerService.Application", "src\Services\CustomerService\CustomerService.Application\CustomerService.Application.csproj", "{4EE4B17F-4C36-4EBA-9943-032262D5B2CF}"
EndProject
Project("{9A19103F-16F7-4668-BE54-9A1E7A4F7556}") = "CustomerService.Domain", "src\Services\CustomerService\CustomerService.Domain\CustomerService.Domain.csproj", "{1BE8E699-CAF6-416D-BBFE-C95EB3CB9785}"
EndProject
Project("{9A19103F-16F7-4668-BE54-9A1E7A4F7556}") = "CustomerService.Infrastructure", "src\Services\CustomerService\CustomerService.Infrastructure\CustomerService.Infrastructure.csproj", "{0F90DFB0-B722-4AF5-8194-0D06ED7223F4}"
EndProject
Project("{9A19103F-16F7-4668-BE54-9A1E7A4F7556}") = "CustomerService.Test", "src\Services\CustomerService\CustomerService.Test\CustomerService.Test.csproj", "{C83CBCE2-3BF0-4244-A421-AD68F5A67F6A}"
EndProject
Project("{9A19103F-16F7-4668-BE54-9A1E7A4F7556}") = "OrderService.API", "src\Services\OrderService\OrderService.API\OrderService.API.csproj", "{903FE69B-E9B5-4EE8-9AEF-84DA58FBA081}"
EndProject
Project("{9A19103F-16F7-4668-BE54-9A1E7A4F7556}") = "OrderService.Application", "src\Services\OrderService\OrderService.Application\OrderService.Application.csproj", "{0FE7E32E-9A28-4CBC-BBE3-18243770834B}"
EndProject
Project("{9A19103F-16F7-4668-BE54-9A1E7A4F7556}") = "OrderService.Domain", "src\Services\OrderService\OrderService.Domain\OrderService.Domain.csproj", "{0334B764-1600-434E-8F04-AE64DAF4A81F}"
EndProject
Project("{9A19103F-16F7-4668-BE54-9A1E7A4F7556}") = "OrderService.Infrastructure", "src\Services\OrderService\OrderService.Infrastructure\OrderService.Infrastructure.csproj", "{EFFDCF04-D481-4BF1-95AD-76FF300BC235}"
EndProject
Project("{9A19103F-16F7-4668-BE54-9A1E7A4F7556}") = "OrderService.Test", "src\Services\OrderService\OrderService.Test\OrderService.Test.csproj", "{68651AE6-B866-4C02-9B73-F1BFDB427915}"
EndProject
Project("{9A19103F-16F7-4668-BE54-9A1E7A4F7556}") = "PaymentService.API", "src\Services\PaymentService\PaymentService.API\PaymentService.API.csproj", "{B763918E-A729-4417-9306-557F4F6A7A44}"
EndProject
Project("{9A19103F-16F7-4668-BE54-9A1E7A4F7556}") = "PaymentService.Application", "src\Services\PaymentService\PaymentService.Application\PaymentService.Application.csproj", "{8B7D2AAA-E477-4D64-99A5-DAB93F6693F7}"
EndProject
Project("{9A19103F-16F7-4668-BE54-9A1E7A4F7556}") = "PaymentService.Domain", "src\Services\PaymentService\PaymentService.Domain\PaymentService.Domain.csproj", "{6E18C772-0C87-469C-8EB3-9AC37CF92E7A}"
EndProject
Project("{9A19103F-16F7-4668-BE54-9A1E7A4F7556}") = "PaymentService.Infrastructure", "src\Services\PaymentService\PaymentService.Infrastructure\PaymentService.Infrastructure.csproj", "{E10F1F05-83DD-438C-960A-E9A5753C9FCB}"
EndProject
Project("{9A19103F-16F7-4668-BE54-9A1E7A4F7556}") = "PaymentService.Test", "src\Services\PaymentService\PaymentService.Test\PaymentService.Test.csproj", "{C32556C3-15FF-4A07-A984-295A8759F6E2}"
EndProject
Project("{2150E333-8FDC-42A3-9474-1A3956D46DE8}") = "ProductSyncService", "ProductSyncService", "{F566944C-45AD-45BD-8BCD-D1346722ECF2}"
EndProject
Project("{9A19103F-16F7-4668-BE54-9A1E7A4F7556}") = "ProductSyncService.API", "src\Services\ProductSyncService\ProductSyncService.API\ProductSyncService.API.csproj", "{D3F0CC1B-AD88-40AA-A73C-7C389593C85D}"
EndProject
Project("{9A19103F-16F7-4668-BE54-9A1E7A4F7556}") = "ProductSyncService.Application", "src\Services\ProductSyncService\ProductSyncService.Application\ProductSyncService.Application.csproj", "{BF0A08FE-50FC-44EA-9403-536AC3607582}"
EndProject
Project("{9A19103F-16F7-4668-BE54-9A1E7A4F7556}") = "ProductSyncService.Domain", "src\Services\ProductSyncService\ProductSyncService.Domain\ProductSyncService.Domain.csproj", "{816C6A4C-87F8-4B74-9E6B-88FDDB52E93E}"
EndProject
Project("{9A19103F-16F7-4668-BE54-9A1E7A4F7556}") = "ProductSyncService.Infrastructure", "src\Services\ProductSyncService\ProductSyncService.Infrastructure\ProductSyncService.Infrastructure.csproj", "{C810F5BB-FCFA-4B23-A85A-97F83F7E43B0}"
EndProject
Project("{9A19103F-16F7-4668-BE54-9A1E7A4F7556}") = "ProductSyncService.DTO", "src\Services\ProductSyncService\ProductSyncService.DTO\ProductSyncService.DTO.csproj", "{DCF28699-1EA0-47C1-8BAF-A80F90252AED}"
EndProject
Project("{2150E333-8FDC-42A3-9474-1A3956D46DE8}") = "Core", "Core", "{B45ED08F-6C93-40D4-BC5F-499E0BFEC358}"
EndProject
Project("{9A19103F-16F7-4668-BE54-9A1E7A4F7556}") = "Core", "src\Core\Core\Core.csproj", "{F2E19670-2BBF-444F-BF7E-9369B634597A}"
EndProject
Project("{9A19103F-16F7-4668-BE54-9A1E7A4F7556}") = "Core.Infrastructure", "src\Core\Core.Infrastructure\Core.Infrastructure.csproj", "{B9D107B3-8CCD-4AA4-BED8-B6F0EA8A33C6}"
EndProject
Project("{9A19103F-16F7-4668-BE54-9A1E7A4F7556}") = "CustomerService.DTO", "src\Services\CustomerService\CustomerService.DTO\CustomerService.DTO.csproj", "{63ADF2E4-4D0B-4DB5-A128-865C42C292CA}"
EndProject
Project("{9A19103F-16F7-4668-BE54-9A1E7A4F7556}") = "Core.Test", "src\Core\Core.Test\Core.Test.csproj", "{AB1FE405-0971-4009-BA3C-B5A625C6B253}"
EndProject
Project("{2150E333-8FDC-42A3-9474-1A3956D46DE8}") = "Services", "Services", "{585CEAC5-E6D8-49BC-B574-FA0B10D0BF9A}"
EndProject
Project("{FAE04EC0-301F-11D3-BF4B-00C04F79EFBC}") = "Identity", "src\CentralizedServices\Identity\Identity.csproj", "{BD8E9B6F-CAE5-4AA1-BB01-1AB3AB3310D7}"
EndProject
Project("{FAE04EC0-301F-11D3-BF4B-00C04F79EFBC}") = "ApiGateway.Ocelot", "src\CentralizedServices\ApiGateway.Ocelot\ApiGateway.Ocelot.csproj", "{688C2730-6EBA-4717-91A5-89B22DC5B5B7}"
EndProject
Project("{2150E333-8FDC-42A3-9474-1A3956D46DE8}") = "CentralizedServices", "CentralizedServices", "{FB997C59-1E49-4C90-A57D-322D189745C1}"
EndProject
Global
	GlobalSection(SolutionConfigurationPlatforms) = preSolution
		config|Any CPU = config|Any CPU
	EndGlobalSection
	GlobalSection(ProjectConfigurationPlatforms) = postSolution
		{CA019B53-3DE4-498F-A549-D94FC9B9DDBB}.config|Any CPU.ActiveCfg = config|Any CPU
		{CA019B53-3DE4-498F-A549-D94FC9B9DDBB}.config|Any CPU.Build.0 = config|Any CPU
		{4EE4B17F-4C36-4EBA-9943-032262D5B2CF}.config|Any CPU.ActiveCfg = Debug|Any CPU
		{4EE4B17F-4C36-4EBA-9943-032262D5B2CF}.config|Any CPU.Build.0 = Debug|Any CPU
		{1BE8E699-CAF6-416D-BBFE-C95EB3CB9785}.config|Any CPU.ActiveCfg = Debug|Any CPU
		{1BE8E699-CAF6-416D-BBFE-C95EB3CB9785}.config|Any CPU.Build.0 = Debug|Any CPU
		{0F90DFB0-B722-4AF5-8194-0D06ED7223F4}.config|Any CPU.ActiveCfg = Debug|Any CPU
		{0F90DFB0-B722-4AF5-8194-0D06ED7223F4}.config|Any CPU.Build.0 = Debug|Any CPU
		{C83CBCE2-3BF0-4244-A421-AD68F5A67F6A}.config|Any CPU.ActiveCfg = Debug|Any CPU
		{C83CBCE2-3BF0-4244-A421-AD68F5A67F6A}.config|Any CPU.Build.0 = Debug|Any CPU
		{903FE69B-E9B5-4EE8-9AEF-84DA58FBA081}.config|Any CPU.ActiveCfg = Debug|Any CPU
		{903FE69B-E9B5-4EE8-9AEF-84DA58FBA081}.config|Any CPU.Build.0 = Debug|Any CPU
		{0FE7E32E-9A28-4CBC-BBE3-18243770834B}.config|Any CPU.ActiveCfg = Debug|Any CPU
		{0FE7E32E-9A28-4CBC-BBE3-18243770834B}.config|Any CPU.Build.0 = Debug|Any CPU
		{0334B764-1600-434E-8F04-AE64DAF4A81F}.config|Any CPU.ActiveCfg = Debug|Any CPU
		{0334B764-1600-434E-8F04-AE64DAF4A81F}.config|Any CPU.Build.0 = Debug|Any CPU
		{EFFDCF04-D481-4BF1-95AD-76FF300BC235}.config|Any CPU.ActiveCfg = Debug|Any CPU
		{EFFDCF04-D481-4BF1-95AD-76FF300BC235}.config|Any CPU.Build.0 = Debug|Any CPU
		{68651AE6-B866-4C02-9B73-F1BFDB427915}.config|Any CPU.ActiveCfg = Debug|Any CPU
		{68651AE6-B866-4C02-9B73-F1BFDB427915}.config|Any CPU.Build.0 = Debug|Any CPU
		{B763918E-A729-4417-9306-557F4F6A7A44}.config|Any CPU.ActiveCfg = Debug|Any CPU
		{B763918E-A729-4417-9306-557F4F6A7A44}.config|Any CPU.Build.0 = Debug|Any CPU
		{8B7D2AAA-E477-4D64-99A5-DAB93F6693F7}.config|Any CPU.ActiveCfg = Debug|Any CPU
		{8B7D2AAA-E477-4D64-99A5-DAB93F6693F7}.config|Any CPU.Build.0 = Debug|Any CPU
		{6E18C772-0C87-469C-8EB3-9AC37CF92E7A}.config|Any CPU.ActiveCfg = Debug|Any CPU
		{6E18C772-0C87-469C-8EB3-9AC37CF92E7A}.config|Any CPU.Build.0 = Debug|Any CPU
		{E10F1F05-83DD-438C-960A-E9A5753C9FCB}.config|Any CPU.ActiveCfg = Debug|Any CPU
		{E10F1F05-83DD-438C-960A-E9A5753C9FCB}.config|Any CPU.Build.0 = Debug|Any CPU
		{C32556C3-15FF-4A07-A984-295A8759F6E2}.config|Any CPU.ActiveCfg = Debug|Any CPU
		{C32556C3-15FF-4A07-A984-295A8759F6E2}.config|Any CPU.Build.0 = Debug|Any CPU
		{D3F0CC1B-AD88-40AA-A73C-7C389593C85D}.config|Any CPU.ActiveCfg = Debug|Any CPU
		{D3F0CC1B-AD88-40AA-A73C-7C389593C85D}.config|Any CPU.Build.0 = Debug|Any CPU
		{BF0A08FE-50FC-44EA-9403-536AC3607582}.config|Any CPU.ActiveCfg = Debug|Any CPU
		{BF0A08FE-50FC-44EA-9403-536AC3607582}.config|Any CPU.Build.0 = Debug|Any CPU
		{816C6A4C-87F8-4B74-9E6B-88FDDB52E93E}.config|Any CPU.ActiveCfg = Debug|Any CPU
		{816C6A4C-87F8-4B74-9E6B-88FDDB52E93E}.config|Any CPU.Build.0 = Debug|Any CPU
		{C810F5BB-FCFA-4B23-A85A-97F83F7E43B0}.config|Any CPU.ActiveCfg = Debug|Any CPU
		{C810F5BB-FCFA-4B23-A85A-97F83F7E43B0}.config|Any CPU.Build.0 = Debug|Any CPU
		{DCF28699-1EA0-47C1-8BAF-A80F90252AED}.config|Any CPU.ActiveCfg = Debug|Any CPU
		{DCF28699-1EA0-47C1-8BAF-A80F90252AED}.config|Any CPU.Build.0 = Debug|Any CPU
		{F2E19670-2BBF-444F-BF7E-9369B634597A}.config|Any CPU.ActiveCfg = Debug|Any CPU
		{F2E19670-2BBF-444F-BF7E-9369B634597A}.config|Any CPU.Build.0 = Debug|Any CPU
		{B9D107B3-8CCD-4AA4-BED8-B6F0EA8A33C6}.config|Any CPU.ActiveCfg = Debug|Any CPU
		{B9D107B3-8CCD-4AA4-BED8-B6F0EA8A33C6}.config|Any CPU.Build.0 = Debug|Any CPU
		{63ADF2E4-4D0B-4DB5-A128-865C42C292CA}.config|Any CPU.ActiveCfg = Debug|Any CPU
		{63ADF2E4-4D0B-4DB5-A128-865C42C292CA}.config|Any CPU.Build.0 = Debug|Any CPU
		{AB1FE405-0971-4009-BA3C-B5A625C6B253}.config|Any CPU.ActiveCfg = Debug|Any CPU
		{AB1FE405-0971-4009-BA3C-B5A625C6B253}.config|Any CPU.Build.0 = Debug|Any CPU
		{BD8E9B6F-CAE5-4AA1-BB01-1AB3AB3310D7}.config|Any CPU.ActiveCfg = Debug|Any CPU
		{BD8E9B6F-CAE5-4AA1-BB01-1AB3AB3310D7}.config|Any CPU.Build.0 = Debug|Any CPU
		{688C2730-6EBA-4717-91A5-89B22DC5B5B7}.config|Any CPU.ActiveCfg = Debug|Any CPU
		{688C2730-6EBA-4717-91A5-89B22DC5B5B7}.config|Any CPU.Build.0 = Debug|Any CPU
	EndGlobalSection
	GlobalSection(SolutionProperties) = preSolution
		HideSolutionNode = FALSE
	EndGlobalSection
	GlobalSection(NestedProjects) = preSolution
		{705498C6-26DD-4D9A-A493-C29EEA6FD520} = {585CEAC5-E6D8-49BC-B574-FA0B10D0BF9A}
		{856A773F-CDF0-44B3-B9EE-02AA441B7709} = {585CEAC5-E6D8-49BC-B574-FA0B10D0BF9A}
		{CFEF1831-89D7-4844-BE0F-0EA8BF4B9357} = {585CEAC5-E6D8-49BC-B574-FA0B10D0BF9A}
		{CA019B53-3DE4-498F-A549-D94FC9B9DDBB} = {CFEF1831-89D7-4844-BE0F-0EA8BF4B9357}
		{4EE4B17F-4C36-4EBA-9943-032262D5B2CF} = {CFEF1831-89D7-4844-BE0F-0EA8BF4B9357}
		{1BE8E699-CAF6-416D-BBFE-C95EB3CB9785} = {CFEF1831-89D7-4844-BE0F-0EA8BF4B9357}
		{0F90DFB0-B722-4AF5-8194-0D06ED7223F4} = {CFEF1831-89D7-4844-BE0F-0EA8BF4B9357}
		{C83CBCE2-3BF0-4244-A421-AD68F5A67F6A} = {CFEF1831-89D7-4844-BE0F-0EA8BF4B9357}
		{903FE69B-E9B5-4EE8-9AEF-84DA58FBA081} = {705498C6-26DD-4D9A-A493-C29EEA6FD520}
		{0FE7E32E-9A28-4CBC-BBE3-18243770834B} = {705498C6-26DD-4D9A-A493-C29EEA6FD520}
		{0334B764-1600-434E-8F04-AE64DAF4A81F} = {705498C6-26DD-4D9A-A493-C29EEA6FD520}
		{EFFDCF04-D481-4BF1-95AD-76FF300BC235} = {705498C6-26DD-4D9A-A493-C29EEA6FD520}
		{68651AE6-B866-4C02-9B73-F1BFDB427915} = {705498C6-26DD-4D9A-A493-C29EEA6FD520}
		{B763918E-A729-4417-9306-557F4F6A7A44} = {856A773F-CDF0-44B3-B9EE-02AA441B7709}
		{8B7D2AAA-E477-4D64-99A5-DAB93F6693F7} = {856A773F-CDF0-44B3-B9EE-02AA441B7709}
		{6E18C772-0C87-469C-8EB3-9AC37CF92E7A} = {856A773F-CDF0-44B3-B9EE-02AA441B7709}
		{E10F1F05-83DD-438C-960A-E9A5753C9FCB} = {856A773F-CDF0-44B3-B9EE-02AA441B7709}
		{C32556C3-15FF-4A07-A984-295A8759F6E2} = {856A773F-CDF0-44B3-B9EE-02AA441B7709}
		{F566944C-45AD-45BD-8BCD-D1346722ECF2} = {585CEAC5-E6D8-49BC-B574-FA0B10D0BF9A}
		{D3F0CC1B-AD88-40AA-A73C-7C389593C85D} = {F566944C-45AD-45BD-8BCD-D1346722ECF2}
		{BF0A08FE-50FC-44EA-9403-536AC3607582} = {F566944C-45AD-45BD-8BCD-D1346722ECF2}
		{816C6A4C-87F8-4B74-9E6B-88FDDB52E93E} = {F566944C-45AD-45BD-8BCD-D1346722ECF2}
		{C810F5BB-FCFA-4B23-A85A-97F83F7E43B0} = {F566944C-45AD-45BD-8BCD-D1346722ECF2}
		{DCF28699-1EA0-47C1-8BAF-A80F90252AED} = {F566944C-45AD-45BD-8BCD-D1346722ECF2}
		{F2E19670-2BBF-444F-BF7E-9369B634597A} = {B45ED08F-6C93-40D4-BC5F-499E0BFEC358}
		{B9D107B3-8CCD-4AA4-BED8-B6F0EA8A33C6} = {B45ED08F-6C93-40D4-BC5F-499E0BFEC358}
		{63ADF2E4-4D0B-4DB5-A128-865C42C292CA} = {CFEF1831-89D7-4844-BE0F-0EA8BF4B9357}
		{AB1FE405-0971-4009-BA3C-B5A625C6B253} = {B45ED08F-6C93-40D4-BC5F-499E0BFEC358}
		{688C2730-6EBA-4717-91A5-89B22DC5B5B7} = {FB997C59-1E49-4C90-A57D-322D189745C1}
		{BD8E9B6F-CAE5-4AA1-BB01-1AB3AB3310D7} = {FB997C59-1E49-4C90-A57D-322D189745C1}
	EndGlobalSection
EndGlobal
