
Microsoft Visual Studio Solution File, Format Version 12.00
# Visual Studio Version 17
VisualStudioVersion = 17.0.31903.59
MinimumVisualStudioVersion = 10.0.40219.1
Project("{FAE04EC0-301F-11D3-BF4B-00C04F79EFBC}") = "Domain", "Domain\Domain.csproj", "{A28C9E6A-F481-43A8-817C-74D43E66F49F}"
EndProject
Project("{FAE04EC0-301F-11D3-BF4B-00C04F79EFBC}") = "Infrastructure", "Infrastructure\Infrastructure.csproj", "{20C4B602-5C99-464C-B310-D9528A953464}"
EndProject
Project("{FAE04EC0-301F-11D3-BF4B-00C04F79EFBC}") = "Application", "Application\Application.csproj", "{9C906FB3-6E7F-4EE6-90F9-BF9D9E74DB44}"
EndProject
Project("{FAE04EC0-301F-11D3-BF4B-00C04F79EFBC}") = "Core", "Core\Core.csproj", "{D85CAAA9-FC3F-4CD9-80FC-F2AC60FE8B78}"
EndProject
Project("{FAE04EC0-301F-11D3-BF4B-00C04F79EFBC}") = "AppIdentity", "AppIdentity\AppIdentity.csproj", "{3E54F4C8-7BE6-49C8-B36C-8812CB12E264}"
EndProject
Project("{FAE04EC0-301F-11D3-BF4B-00C04F79EFBC}") = "Test", "Test\Test.csproj", "{012A2D5B-1E43-41EB-82EE-BF4A18AD7DBA}"
EndProject
Global
	GlobalSection(SolutionConfigurationPlatforms) = preSolution
		Debug|Any CPU = Debug|Any CPU
		Release|Any CPU = Release|Any CPU
	EndGlobalSection
	GlobalSection(SolutionProperties) = preSolution
		HideSolutionNode = FALSE
	EndGlobalSection
	GlobalSection(ProjectConfigurationPlatforms) = postSolution
		{A28C9E6A-F481-43A8-817C-74D43E66F49F}.Debug|Any CPU.ActiveCfg = Debug|Any CPU
		{A28C9E6A-F481-43A8-817C-74D43E66F49F}.Debug|Any CPU.Build.0 = Debug|Any CPU
		{A28C9E6A-F481-43A8-817C-74D43E66F49F}.Release|Any CPU.ActiveCfg = Release|Any CPU
		{A28C9E6A-F481-43A8-817C-74D43E66F49F}.Release|Any CPU.Build.0 = Release|Any CPU
		{20C4B602-5C99-464C-B310-D9528A953464}.Debug|Any CPU.ActiveCfg = Debug|Any CPU
		{20C4B602-5C99-464C-B310-D9528A953464}.Debug|Any CPU.Build.0 = Debug|Any CPU
		{20C4B602-5C99-464C-B310-D9528A953464}.Release|Any CPU.ActiveCfg = Release|Any CPU
		{20C4B602-5C99-464C-B310-D9528A953464}.Release|Any CPU.Build.0 = Release|Any CPU
		{9C906FB3-6E7F-4EE6-90F9-BF9D9E74DB44}.Debug|Any CPU.ActiveCfg = Debug|Any CPU
		{9C906FB3-6E7F-4EE6-90F9-BF9D9E74DB44}.Debug|Any CPU.Build.0 = Debug|Any CPU
		{9C906FB3-6E7F-4EE6-90F9-BF9D9E74DB44}.Release|Any CPU.ActiveCfg = Release|Any CPU
		{9C906FB3-6E7F-4EE6-90F9-BF9D9E74DB44}.Release|Any CPU.Build.0 = Release|Any CPU
		{D85CAAA9-FC3F-4CD9-80FC-F2AC60FE8B78}.Debug|Any CPU.ActiveCfg = Debug|Any CPU
		{D85CAAA9-FC3F-4CD9-80FC-F2AC60FE8B78}.Debug|Any CPU.Build.0 = Debug|Any CPU
		{D85CAAA9-FC3F-4CD9-80FC-F2AC60FE8B78}.Release|Any CPU.ActiveCfg = Release|Any CPU
		{D85CAAA9-FC3F-4CD9-80FC-F2AC60FE8B78}.Release|Any CPU.Build.0 = Release|Any CPU
		{3E54F4C8-7BE6-49C8-B36C-8812CB12E264}.Debug|Any CPU.ActiveCfg = Debug|Any CPU
		{3E54F4C8-7BE6-49C8-B36C-8812CB12E264}.Debug|Any CPU.Build.0 = Debug|Any CPU
		{3E54F4C8-7BE6-49C8-B36C-8812CB12E264}.Release|Any CPU.ActiveCfg = Release|Any CPU
		{3E54F4C8-7BE6-49C8-B36C-8812CB12E264}.Release|Any CPU.Build.0 = Release|Any CPU
		{012A2D5B-1E43-41EB-82EE-BF4A18AD7DBA}.Debug|Any CPU.ActiveCfg = Debug|Any CPU
		{012A2D5B-1E43-41EB-82EE-BF4A18AD7DBA}.Release|Any CPU.ActiveCfg = Release|Any CPU
		{012A2D5B-1E43-41EB-82EE-BF4A18AD7DBA}.Release|Any CPU.Build.0 = Release|Any CPU
	EndGlobalSection
EndGlobal
