
Microsoft Visual Studio Solution File, Format Version 12.00
# Visual Studio Version 17
VisualStudioVersion = 17.0.31903.59
MinimumVisualStudioVersion = 10.0.40219.1
Project("{2150E333-8FDC-42A3-9474-1A3956D46DE8}") = "OrderService", "OrderService", "{705498C6-26DD-4D9A-A493-C29EEA6FD520}"
EndProject
Project("{2150E333-8FDC-42A3-9474-1A3956D46DE8}") = "PaymentService", "PaymentService", "{856A773F-CDF0-44B3-B9EE-02AA441B7709}"
EndProject
Project("{2150E333-8FDC-42A3-9474-1A3956D46DE8}") = "CustomerService", "CustomerService", "{CFEF1831-89D7-4844-BE0F-0EA8BF4B9357}"
EndProject
Project("{FAE04EC0-301F-11D3-BF4B-00C04F79EFBC}") = "API", "src\CustomerService\API\API.csproj", "{CA019B53-3DE4-498F-A549-D94FC9B9DDBB}"
EndProject
Project("{FAE04EC0-301F-11D3-BF4B-00C04F79EFBC}") = "Application", "src\CustomerService\Application\Application.csproj", "{4EE4B17F-4C36-4EBA-9943-032262D5B2CF}"
EndProject
Project("{FAE04EC0-301F-11D3-BF4B-00C04F79EFBC}") = "Domain", "src\CustomerService\Domain\Domain.csproj", "{1BE8E699-CAF6-416D-BBFE-C95EB3CB9785}"
EndProject
Project("{FAE04EC0-301F-11D3-BF4B-00C04F79EFBC}") = "Infrastructure", "src\CustomerService\Infrastructure\Infrastructure.csproj", "{0F90DFB0-B722-4AF5-8194-0D06ED7223F4}"
EndProject
Project("{FAE04EC0-301F-11D3-BF4B-00C04F79EFBC}") = "Test", "src\CustomerService\Test\Test.csproj", "{C83CBCE2-3BF0-4244-A421-AD68F5A67F6A}"
EndProject
Project("{FAE04EC0-301F-11D3-BF4B-00C04F79EFBC}") = "API", "src\OrderService\API\API.csproj", "{903FE69B-E9B5-4EE8-9AEF-84DA58FBA081}"
EndProject
Project("{FAE04EC0-301F-11D3-BF4B-00C04F79EFBC}") = "Application", "src\OrderService\Application\Application.csproj", "{0FE7E32E-9A28-4CBC-BBE3-18243770834B}"
EndProject
Project("{FAE04EC0-301F-11D3-BF4B-00C04F79EFBC}") = "AuthService", "src\OrderService\AuthService\AuthService.csproj", "{BA41FE3B-DF70-4AAC-8792-D4F7A16B0DC8}"
EndProject
Project("{FAE04EC0-301F-11D3-BF4B-00C04F79EFBC}") = "Domain", "src\OrderService\Domain\Domain.csproj", "{0334B764-1600-434E-8F04-AE64DAF4A81F}"
EndProject
Project("{FAE04EC0-301F-11D3-BF4B-00C04F79EFBC}") = "Infrastructure", "src\OrderService\Infrastructure\Infrastructure.csproj", "{EFFDCF04-D481-4BF1-95AD-76FF300BC235}"
EndProject
Project("{FAE04EC0-301F-11D3-BF4B-00C04F79EFBC}") = "Test", "src\OrderService\Test\Test.csproj", "{68651AE6-B866-4C02-9B73-F1BFDB427915}"
EndProject
Project("{FAE04EC0-301F-11D3-BF4B-00C04F79EFBC}") = "API", "src\PaymentService\API\API.csproj", "{B763918E-A729-4417-9306-557F4F6A7A44}"
EndProject
Project("{FAE04EC0-301F-11D3-BF4B-00C04F79EFBC}") = "Application", "src\PaymentService\Application\Application.csproj", "{8B7D2AAA-E477-4D64-99A5-DAB93F6693F7}"
EndProject
Project("{FAE04EC0-301F-11D3-BF4B-00C04F79EFBC}") = "Domain", "src\PaymentService\Domain\Domain.csproj", "{6E18C772-0C87-469C-8EB3-9AC37CF92E7A}"
EndProject
Project("{FAE04EC0-301F-11D3-BF4B-00C04F79EFBC}") = "Infrastructure", "src\PaymentService\Infrastructure\Infrastructure.csproj", "{E10F1F05-83DD-438C-960A-E9A5753C9FCB}"
EndProject
Project("{FAE04EC0-301F-11D3-BF4B-00C04F79EFBC}") = "Test", "src\PaymentService\Test\Test.csproj", "{C32556C3-15FF-4A07-A984-295A8759F6E2}"
EndProject
Project("{FAE04EC0-301F-11D3-BF4B-00C04F79EFBC}") = "Core", "src\Core\Core.csproj", "{8C1B9CB3-5344-48B6-BF34-857B95B26403}"
EndProject
Project("{FAE04EC0-301F-11D3-BF4B-00C04F79EFBC}") = "HealthCheck", "src\HealthCheck\HealthCheck.csproj", "{116C9FC6-EAEE-40FE-9030-089F4E78E2AA}"
EndProject
Global
	GlobalSection(SolutionProperties) = preSolution
		HideSolutionNode = FALSE
	EndGlobalSection
	GlobalSection(NestedProjects) = preSolution
		{CA019B53-3DE4-498F-A549-D94FC9B9DDBB} = {CFEF1831-89D7-4844-BE0F-0EA8BF4B9357}
		{4EE4B17F-4C36-4EBA-9943-032262D5B2CF} = {CFEF1831-89D7-4844-BE0F-0EA8BF4B9357}
		{1BE8E699-CAF6-416D-BBFE-C95EB3CB9785} = {CFEF1831-89D7-4844-BE0F-0EA8BF4B9357}
		{0F90DFB0-B722-4AF5-8194-0D06ED7223F4} = {CFEF1831-89D7-4844-BE0F-0EA8BF4B9357}
		{C83CBCE2-3BF0-4244-A421-AD68F5A67F6A} = {CFEF1831-89D7-4844-BE0F-0EA8BF4B9357}
		{903FE69B-E9B5-4EE8-9AEF-84DA58FBA081} = {705498C6-26DD-4D9A-A493-C29EEA6FD520}
		{0FE7E32E-9A28-4CBC-BBE3-18243770834B} = {705498C6-26DD-4D9A-A493-C29EEA6FD520}
		{BA41FE3B-DF70-4AAC-8792-D4F7A16B0DC8} = {705498C6-26DD-4D9A-A493-C29EEA6FD520}
		{0334B764-1600-434E-8F04-AE64DAF4A81F} = {705498C6-26DD-4D9A-A493-C29EEA6FD520}
		{EFFDCF04-D481-4BF1-95AD-76FF300BC235} = {705498C6-26DD-4D9A-A493-C29EEA6FD520}
		{68651AE6-B866-4C02-9B73-F1BFDB427915} = {705498C6-26DD-4D9A-A493-C29EEA6FD520}
		{B763918E-A729-4417-9306-557F4F6A7A44} = {856A773F-CDF0-44B3-B9EE-02AA441B7709}
		{8B7D2AAA-E477-4D64-99A5-DAB93F6693F7} = {856A773F-CDF0-44B3-B9EE-02AA441B7709}
		{6E18C772-0C87-469C-8EB3-9AC37CF92E7A} = {856A773F-CDF0-44B3-B9EE-02AA441B7709}
		{E10F1F05-83DD-438C-960A-E9A5753C9FCB} = {856A773F-CDF0-44B3-B9EE-02AA441B7709}
		{C32556C3-15FF-4A07-A984-295A8759F6E2} = {856A773F-CDF0-44B3-B9EE-02AA441B7709}
	EndGlobalSection
	GlobalSection(ProjectConfigurationPlatforms) = postSolution
		{CA019B53-3DE4-498F-A549-D94FC9B9DDBB}.config|Any CPU.ActiveCfg = config|Any CPU
		{CA019B53-3DE4-498F-A549-D94FC9B9DDBB}.config|Any CPU.Build.0 = config|Any CPU
		{CA019B53-3DE4-498F-A549-D94FC9B9DDBB}.config|Any CPU.Deploy.0 = config|Any CPU
		{4EE4B17F-4C36-4EBA-9943-032262D5B2CF}.config|Any CPU.ActiveCfg = Debug|Any CPU
		{4EE4B17F-4C36-4EBA-9943-032262D5B2CF}.config|Any CPU.Build.0 = Debug|Any CPU
		{1BE8E699-CAF6-416D-BBFE-C95EB3CB9785}.config|Any CPU.ActiveCfg = Debug|Any CPU
		{1BE8E699-CAF6-416D-BBFE-C95EB3CB9785}.config|Any CPU.Build.0 = Debug|Any CPU
		{0F90DFB0-B722-4AF5-8194-0D06ED7223F4}.config|Any CPU.ActiveCfg = Debug|Any CPU
		{0F90DFB0-B722-4AF5-8194-0D06ED7223F4}.config|Any CPU.Build.0 = Debug|Any CPU
		{C83CBCE2-3BF0-4244-A421-AD68F5A67F6A}.config|Any CPU.ActiveCfg = Debug|Any CPU
		{C83CBCE2-3BF0-4244-A421-AD68F5A67F6A}.config|Any CPU.Build.0 = Debug|Any CPU
		{903FE69B-E9B5-4EE8-9AEF-84DA58FBA081}.config|Any CPU.ActiveCfg = Debug|Any CPU
		{903FE69B-E9B5-4EE8-9AEF-84DA58FBA081}.config|Any CPU.Build.0 = Debug|Any CPU
		{0FE7E32E-9A28-4CBC-BBE3-18243770834B}.config|Any CPU.ActiveCfg = Debug|Any CPU
		{0FE7E32E-9A28-4CBC-BBE3-18243770834B}.config|Any CPU.Build.0 = Debug|Any CPU
		{BA41FE3B-DF70-4AAC-8792-D4F7A16B0DC8}.config|Any CPU.ActiveCfg = Debug|Any CPU
		{BA41FE3B-DF70-4AAC-8792-D4F7A16B0DC8}.config|Any CPU.Build.0 = Debug|Any CPU
		{0334B764-1600-434E-8F04-AE64DAF4A81F}.config|Any CPU.ActiveCfg = Debug|Any CPU
		{0334B764-1600-434E-8F04-AE64DAF4A81F}.config|Any CPU.Build.0 = Debug|Any CPU
		{EFFDCF04-D481-4BF1-95AD-76FF300BC235}.config|Any CPU.ActiveCfg = Debug|Any CPU
		{EFFDCF04-D481-4BF1-95AD-76FF300BC235}.config|Any CPU.Build.0 = Debug|Any CPU
		{68651AE6-B866-4C02-9B73-F1BFDB427915}.config|Any CPU.ActiveCfg = Debug|Any CPU
		{68651AE6-B866-4C02-9B73-F1BFDB427915}.config|Any CPU.Build.0 = Debug|Any CPU
		{B763918E-A729-4417-9306-557F4F6A7A44}.config|Any CPU.ActiveCfg = Debug|Any CPU
		{B763918E-A729-4417-9306-557F4F6A7A44}.config|Any CPU.Build.0 = Debug|Any CPU
		{8B7D2AAA-E477-4D64-99A5-DAB93F6693F7}.config|Any CPU.ActiveCfg = Debug|Any CPU
		{8B7D2AAA-E477-4D64-99A5-DAB93F6693F7}.config|Any CPU.Build.0 = Debug|Any CPU
		{6E18C772-0C87-469C-8EB3-9AC37CF92E7A}.config|Any CPU.ActiveCfg = Debug|Any CPU
		{6E18C772-0C87-469C-8EB3-9AC37CF92E7A}.config|Any CPU.Build.0 = Debug|Any CPU
		{E10F1F05-83DD-438C-960A-E9A5753C9FCB}.config|Any CPU.ActiveCfg = Debug|Any CPU
		{E10F1F05-83DD-438C-960A-E9A5753C9FCB}.config|Any CPU.Build.0 = Debug|Any CPU
		{C32556C3-15FF-4A07-A984-295A8759F6E2}.config|Any CPU.ActiveCfg = Debug|Any CPU
		{C32556C3-15FF-4A07-A984-295A8759F6E2}.config|Any CPU.Build.0 = Debug|Any CPU
		{8C1B9CB3-5344-48B6-BF34-857B95B26403}.config|Any CPU.ActiveCfg = Debug|Any CPU
		{8C1B9CB3-5344-48B6-BF34-857B95B26403}.config|Any CPU.Build.0 = Debug|Any CPU
		{116C9FC6-EAEE-40FE-9030-089F4E78E2AA}.config|Any CPU.ActiveCfg = Debug|Any CPU
		{116C9FC6-EAEE-40FE-9030-089F4E78E2AA}.config|Any CPU.Build.0 = Debug|Any CPU
	EndGlobalSection
	GlobalSection(SolutionConfigurationPlatforms) = preSolution
		config|Any CPU = config|Any CPU
	EndGlobalSection
EndGlobal
